
Microsoft Visual Studio Solution File, Format Version 12.00
# Visual Studio Version 17
VisualStudioVersion = 17.2.32519.379
MinimumVisualStudioVersion = 10.0.40219.1
Project("{FAE04EC0-301F-11D3-BF4B-00C04F79EFBC}") = "kp3", "kp3.csproj", "{60333D1E-1749-45DE-AF93-4BF460875FC9}"
EndProject
Project("{FAE04EC0-301F-11D3-BF4B-00C04F79EFBC}") = "kp3(2)", "..\kp3(2)\kp3(2).csproj", "{2CA16A18-48D6-40A3-AA03-783BD773C798}"
EndProject
Global
	GlobalSection(SolutionConfigurationPlatforms) = preSolution
		Debug|Any CPU = Debug|Any CPU
		Release|Any CPU = Release|Any CPU
	EndGlobalSection
	GlobalSection(ProjectConfigurationPlatforms) = postSolution
		{60333D1E-1749-45DE-AF93-4BF460875FC9}.Debug|Any CPU.ActiveCfg = Debug|Any CPU
		{60333D1E-1749-45DE-AF93-4BF460875FC9}.Debug|Any CPU.Build.0 = Debug|Any CPU
		{60333D1E-1749-45DE-AF93-4BF460875FC9}.Release|Any CPU.ActiveCfg = Release|Any CPU
		{60333D1E-1749-45DE-AF93-4BF460875FC9}.Release|Any CPU.Build.0 = Release|Any CPU
		{2CA16A18-48D6-40A3-AA03-783BD773C798}.Debug|Any CPU.ActiveCfg = Debug|Any CPU
		{2CA16A18-48D6-40A3-AA03-783BD773C798}.Debug|Any CPU.Build.0 = Debug|Any CPU
		{2CA16A18-48D6-40A3-AA03-783BD773C798}.Release|Any CPU.ActiveCfg = Release|Any CPU
		{2CA16A18-48D6-40A3-AA03-783BD773C798}.Release|Any CPU.Build.0 = Release|Any CPU
	EndGlobalSection
	GlobalSection(SolutionProperties) = preSolution
		HideSolutionNode = FALSE
	EndGlobalSection
	GlobalSection(ExtensibilityGlobals) = postSolution
		SolutionGuid = {CCFB72A4-25AF-4987-8664-C7277939DD54}
	EndGlobalSection
EndGlobal
